// !$*UTF8*$!
{
	archiveVersion = 1;
	classes = {
	};
	objectVersion = 46;
	objects = {

/* Begin PBXBuildFile section */
		C2E248391B4E056900170F3D /* main.m in Sources */ = {isa = PBXBuildFile; fileRef = C2E248381B4E056900170F3D /* main.m */; };
		C2E2483C1B4E056900170F3D /* AppDelegate.m in Sources */ = {isa = PBXBuildFile; fileRef = C2E2483B1B4E056900170F3D /* AppDelegate.m */; };
		C2E2483F1B4E056900170F3D /* ViewController.m in Sources */ = {isa = PBXBuildFile; fileRef = C2E2483E1B4E056900170F3D /* ViewController.m */; };
		C2E248421B4E056900170F3D /* Main.storyboard in Resources */ = {isa = PBXBuildFile; fileRef = C2E248401B4E056900170F3D /* Main.storyboard */; };
		C2E248441B4E056900170F3D /* Images.xcassets in Resources */ = {isa = PBXBuildFile; fileRef = C2E248431B4E056900170F3D /* Images.xcassets */; };
		C2E248471B4E056900170F3D /* LaunchScreen.xib in Resources */ = {isa = PBXBuildFile; fileRef = C2E248451B4E056900170F3D /* LaunchScreen.xib */; };
		C2E248531B4E056900170F3D /* gongchengTests.m in Sources */ = {isa = PBXBuildFile; fileRef = C2E248521B4E056900170F3D /* gongchengTests.m */; };
/* End PBXBuildFile section */

/* Begin PBXContainerItemProxy section */
		C2E2484D1B4E056900170F3D /* PBXContainerItemProxy */ = {
			isa = PBXContainerItemProxy;
			containerPortal = C2E2482B1B4E056900170F3D /* Project object */;
			proxyType = 1;
			remoteGlobalIDString = C2E248321B4E056900170F3D;
			remoteInfo = gongcheng;
		};
/* End PBXContainerItemProxy section */

/* Begin PBXFileReference section */
		C2E248331B4E056900170F3D /* gongcheng.app */ = {isa = PBXFileReference; explicitFileType = wrapper.application; includeInIndex = 0; path = gongcheng.app; sourceTree = BUILT_PRODUCTS_DIR; };
		C2E248371B4E056900170F3D /* Info.plist */ = {isa = PBXFileReference; lastKnownFileType = text.plist.xml; path = Info.plist; sourceTree = "<group>"; };
		C2E248381B4E056900170F3D /* main.m */ = {isa = PBXFileReference; lastKnownFileType = sourcecode.c.objc; path = main.m; sourceTree = "<group>"; };
		C2E2483A1B4E056900170F3D /* AppDelegate.h */ = {isa = PBXFileReference; lastKnownFileType = sourcecode.c.h; path = AppDelegate.h; sourceTree = "<group>"; };
		C2E2483B1B4E056900170F3D /* AppDelegate.m */ = {isa = PBXFileReference; lastKnownFileType = sourcecode.c.objc; path = AppDelegate.m; sourceTree = "<group>"; };
		C2E2483D1B4E056900170F3D /* ViewController.h */ = {isa = PBXFileReference; lastKnownFileType = sourcecode.c.h; path = ViewController.h; sourceTree = "<group>"; };
		C2E2483E1B4E056900170F3D /* ViewController.m */ = {isa = PBXFileReference; lastKnownFileType = sourcecode.c.objc; path = ViewController.m; sourceTree = "<group>"; };
		C2E248411B4E056900170F3D /* Base */ = {isa = PBXFileReference; lastKnownFileType = file.storyboard; name = Base; path = Base.lproj/Main.storyboard; sourceTree = "<group>"; };
		C2E248431B4E056900170F3D /* Images.xcassets */ = {isa = PBXFileReference; lastKnownFileType = folder.assetcatalog; path = Images.xcassets; sourceTree = "<group>"; };
		C2E248461B4E056900170F3D /* Base */ = {isa = PBXFileReference; lastKnownFileType = file.xib; name = Base; path = Base.lproj/LaunchScreen.xib; sourceTree = "<group>"; };
		C2E2484C1B4E056900170F3D /* gongchengTests.xctest */ = {isa = PBXFileReference; explicitFileType = wrapper.cfbundle; includeInIndex = 0; path = gongchengTests.xctest; sourceTree = BUILT_PRODUCTS_DIR; };
		C2E248511B4E056900170F3D /* Info.plist */ = {isa = PBXFileReference; lastKnownFileType = text.plist.xml; path = Info.plist; sourceTree = "<group>"; };
		C2E248521B4E056900170F3D /* gongchengTests.m */ = {isa = PBXFileReference; lastKnownFileType = sourcecode.c.objc; path = gongchengTests.m; sourceTree = "<group>"; };
/* End PBXFileReference section */

/* Begin PBXFrameworksBuildPhase section */
		C2E248301B4E056900170F3D /* Frameworks */ = {
			isa = PBXFrameworksBuildPhase;
			buildActionMask = 2147483647;
			files = (
			);
			runOnlyForDeploymentPostprocessing = 0;
		};
		C2E248491B4E056900170F3D /* Frameworks */ = {
			isa = PBXFrameworksBuildPhase;
			buildActionMask = 2147483647;
			files = (
			);
			runOnlyForDeploymentPostprocessing = 0;
		};
/* End PBXFrameworksBuildPhase section */

/* Begin PBXGroup section */
		C2E2482A1B4E056900170F3D = {
			isa = PBXGroup;
			children = (
				C2E248351B4E056900170F3D /* gongcheng */,
				C2E2484F1B4E056900170F3D /* gongchengTests */,
				C2E248341B4E056900170F3D /* Products */,
			);
			sourceTree = "<group>";
		};
		C2E248341B4E056900170F3D /* Products */ = {
			isa = PBXGroup;
			children = (
				C2E248331B4E056900170F3D /* gongcheng.app */,
				C2E2484C1B4E056900170F3D /* gongchengTests.xctest */,
			);
			name = Products;
			sourceTree = "<group>";
		};
		C2E248351B4E056900170F3D /* gongcheng */ = {
			isa = PBXGroup;
			children = (
				C2E2483A1B4E056900170F3D /* AppDelegate.h */,
				C2E2483B1B4E056900170F3D /* AppDelegate.m */,
				C2E2483D1B4E056900170F3D /* ViewController.h */,
				C2E2483E1B4E056900170F3D /* ViewController.m */,
				C2E248401B4E056900170F3D /* Main.storyboard */,
				C2E248431B4E056900170F3D /* Images.xcassets */,
				C2E248451B4E056900170F3D /* LaunchScreen.xib */,
				C2E248361B4E056900170F3D /* Supporting Files */,
			);
			path = gongcheng;
			sourceTree = "<group>";
		};
		C2E248361B4E056900170F3D /* Supporting Files */ = {
			isa = PBXGroup;
			children = (
				C2E248371B4E056900170F3D /* Info.plist */,
				C2E248381B4E056900170F3D /* main.m */,
			);
			name = "Supporting Files";
			sourceTree = "<group>";
		};
		C2E2484F1B4E056900170F3D /* gongchengTests */ = {
			isa = PBXGroup;
			children = (
				C2E248521B4E056900170F3D /* gongchengTests.m */,
				C2E248501B4E056900170F3D /* Supporting Files */,
			);
			path = gongchengTests;
			sourceTree = "<group>";
		};
		C2E248501B4E056900170F3D /* Supporting Files */ = {
			isa = PBXGroup;
			children = (
				C2E248511B4E056900170F3D /* Info.plist */,
			);
			name = "Supporting Files";
			sourceTree = "<group>";
		};
/* End PBXGroup section */

/* Begin PBXNativeTarget section */
		C2E248321B4E056900170F3D /* gongcheng */ = {
			isa = PBXNativeTarget;
			buildConfigurationList = C2E248561B4E056900170F3D /* Build configuration list for PBXNativeTarget "gongcheng" */;
			buildPhases = (
				C2E2482F1B4E056900170F3D /* Sources */,
				C2E248301B4E056900170F3D /* Frameworks */,
				C2E248311B4E056900170F3D /* Resources */,
			);
			buildRules = (
			);
			dependencies = (
			);
			name = gongcheng;
			productName = gongcheng;
			productReference = C2E248331B4E056900170F3D /* gongcheng.app */;
			productType = "com.apple.product-type.application";
		};
		C2E2484B1B4E056900170F3D /* gongchengTests */ = {
			isa = PBXNativeTarget;
			buildConfigurationList = C2E248591B4E056900170F3D /* Build configuration list for PBXNativeTarget "gongchengTests" */;
			buildPhases = (
				C2E248481B4E056900170F3D /* Sources */,
				C2E248491B4E056900170F3D /* Frameworks */,
				C2E2484A1B4E056900170F3D /* Resources */,
			);
			buildRules = (
			);
			dependencies = (
				C2E2484E1B4E056900170F3D /* PBXTargetDependency */,
			);
			name = gongchengTests;
			productName = gongchengTests;
			productReference = C2E2484C1B4E056900170F3D /* gongchengTests.xctest */;
			productType = "com.apple.product-type.bundle.unit-test";
		};
/* End PBXNativeTarget section */

/* Begin PBXProject section */
		C2E2482B1B4E056900170F3D /* Project object */ = {
			isa = PBXProject;
			attributes = {
				LastUpgradeCheck = 0600;
				ORGANIZATIONNAME = "蓝鸥科技";
				TargetAttributes = {
					C2E248321B4E056900170F3D = {
						CreatedOnToolsVersion = 6.0.1;
					};
					C2E2484B1B4E056900170F3D = {
						CreatedOnToolsVersion = 6.0.1;
						TestTargetID = C2E248321B4E056900170F3D;
					};
				};
			};
			buildConfigurationList = C2E2482E1B4E056900170F3D /* Build configuration list for PBXProject "gongcheng" */;
			compatibilityVersion = "Xcode 3.2";
			developmentRegion = English;
			hasScannedForEncodings = 0;
			knownRegions = (
				en,
				Base,
			);
			mainGroup = C2E2482A1B4E056900170F3D;
			productRefGroup = C2E248341B4E056900170F3D /* Products */;
			projectDirPath = "";
			projectRoot = "";
			targets = (
				C2E248321B4E056900170F3D /* gongcheng */,
				C2E2484B1B4E056900170F3D /* gongchengTests */,
			);
		};
/* End PBXProject section */

/* Begin PBXResourcesBuildPhase section */
		C2E248311B4E056900170F3D /* Resources */ = {
			isa = PBXResourcesBuildPhase;
			buildActionMask = 2147483647;
			files = (
				C2E248421B4E056900170F3D /* Main.storyboard in Resources */,
				C2E248471B4E056900170F3D /* LaunchScreen.xib in Resources */,
				C2E248441B4E056900170F3D /* Images.xcassets in Resources */,
			);
			runOnlyForDeploymentPostprocessing = 0;
		};
		C2E2484A1B4E056900170F3D /* Resources */ = {
			isa = PBXResourcesBuildPhase;
			buildActionMask = 2147483647;
			files = (
			);
			runOnlyForDeploymentPostprocessing = 0;
		};
/* End PBXResourcesBuildPhase section */

/* Begin PBXSourcesBuildPhase section */
		C2E2482F1B4E056900170F3D /* Sources */ = {
			isa = PBXSourcesBuildPhase;
			buildActionMask = 2147483647;
			files = (
				C2E2483F1B4E056900170F3D /* ViewController.m in Sources */,
				C2E2483C1B4E056900170F3D /* AppDelegate.m in Sources */,
				C2E248391B4E056900170F3D /* main.m in Sources */,
			);
			runOnlyForDeploymentPostprocessing = 0;
		};
		C2E248481B4E056900170F3D /* Sources */ = {
			isa = PBXSourcesBuildPhase;
			buildActionMask = 2147483647;
			files = (
				C2E248531B4E056900170F3D /* gongchengTests.m in Sources */,
			);
			runOnlyForDeploymentPostprocessing = 0;
		};
/* End PBXSourcesBuildPhase section */

/* Begin PBXTargetDependency section */
		C2E2484E1B4E056900170F3D /* PBXTargetDependency */ = {
			isa = PBXTargetDependency;
			target = C2E248321B4E056900170F3D /* gongcheng */;
			targetProxy = C2E2484D1B4E056900170F3D /* PBXContainerItemProxy */;
		};
/* End PBXTargetDependency section */

/* Begin PBXVariantGroup section */
		C2E248401B4E056900170F3D /* Main.storyboard */ = {
			isa = PBXVariantGroup;
			children = (
				C2E248411B4E056900170F3D /* Base */,
			);
			name = Main.storyboard;
			sourceTree = "<group>";
		};
		C2E248451B4E056900170F3D /* LaunchScreen.xib */ = {
			isa = PBXVariantGroup;
			children = (
				C2E248461B4E056900170F3D /* Base */,
			);
			name = LaunchScreen.xib;
			sourceTree = "<group>";
		};
/* End PBXVariantGroup section */

/* Begin XCBuildConfiguration section */
		C2E248541B4E056900170F3D /* Debug */ = {
			isa = XCBuildConfiguration;
			buildSettings = {
				ALWAYS_SEARCH_USER_PATHS = NO;
				CLANG_CXX_LANGUAGE_STANDARD = "gnu++0x";
				CLANG_CXX_LIBRARY = "libc++";
				CLANG_ENABLE_MODULES = YES;
				CLANG_ENABLE_OBJC_ARC = YES;
				CLANG_WARN_BOOL_CONVERSION = YES;
				CLANG_WARN_CONSTANT_CONVERSION = YES;
				CLANG_WARN_DIRECT_OBJC_ISA_USAGE = YES_ERROR;
				CLANG_WARN_EMPTY_BODY = YES;
				CLANG_WARN_ENUM_CONVERSION = YES;
				CLANG_WARN_INT_CONVERSION = YES;
				CLANG_WARN_OBJC_ROOT_CLASS = YES_ERROR;
				CLANG_WARN_UNREACHABLE_CODE = YES;
				CLANG_WARN__DUPLICATE_METHOD_MATCH = YES;
				"CODE_SIGN_IDENTITY[sdk=iphoneos*]" = "iPhone Developer";
				COPY_PHASE_STRIP = NO;
				ENABLE_STRICT_OBJC_MSGSEND = YES;
				GCC_C_LANGUAGE_STANDARD = gnu99;
				GCC_DYNAMIC_NO_PIC = NO;
				GCC_OPTIMIZATION_LEVEL = 0;
				GCC_PREPROCESSOR_DEFINITIONS = (
					"DEBUG=1",
					"$(inherited)",
				);
				GCC_SYMBOLS_PRIVATE_EXTERN = NO;
				GCC_WARN_64_TO_32_BIT_CONVERSION = YES;
				GCC_WARN_ABOUT_RETURN_TYPE = YES_ERROR;
				GCC_WARN_UNDECLARED_SELECTOR = YES;
				GCC_WARN_UNINITIALIZED_AUTOS = YES_AGGRESSIVE;
				GCC_WARN_UNUSED_FUNCTION = YES;
				GCC_WARN_UNUSED_VARIABLE = YES;
				IPHONEOS_DEPLOYMENT_TARGET = 8.0;
				MTL_ENABLE_DEBUG_INFO = YES;
				ONLY_ACTIVE_ARCH = YES;
				SDKROOT = iphoneos;
				TARGETED_DEVICE_FAMILY = "1,2";
			};
			name = Debug;
		};
		C2E248551B4E056900170F3D /* Release */ = {
			isa = XCBuildConfiguration;
			buildSettings = {
				ALWAYS_SEARCH_USER_PATHS = NO;
				CLANG_CXX_LANGUAGE_STANDARD = "gnu++0x";
				CLANG_CXX_LIBRARY = "libc++";
				CLANG_ENABLE_MODULES = YES;
				CLANG_ENABLE_OBJC_ARC = YES;
				CLANG_WARN_BOOL_CONVERSION = YES;
				CLANG_WARN_CONSTANT_CONVERSION = YES;
				CLANG_WARN_DIRECT_OBJC_ISA_USAGE = YES_ERROR;
				CLANG_WARN_EMPTY_BODY = YES;
				CLANG_WARN_ENUM_CONVERSION = YES;
				CLANG_WARN_INT_CONVERSION = YES;
				CLANG_WARN_OBJC_ROOT_CLASS = YES_ERROR;
				CLANG_WARN_UNREACHABLE_CODE = YES;
				CLANG_WARN__DUPLICATE_METHOD_MATCH = YES;
				"CODE_SIGN_IDENTITY[sdk=iphoneos*]" = "iPhone Developer";
				COPY_PHASE_STRIP = YES;
				ENABLE_NS_ASSERTIONS = NO;
				ENABLE_STRICT_OBJC_MSGSEND = YES;
				GCC_C_LANGUAGE_STANDARD = gnu99;
				GCC_WARN_64_TO_32_BIT_CONVERSION = YES;
				GCC_WARN_ABOUT_RETURN_TYPE = YES_ERROR;
				GCC_WARN_UNDECLARED_SELECTOR = YES;
				GCC_WARN_UNINITIALIZED_AUTOS = YES_AGGRESSIVE;
				GCC_WARN_UNUSED_FUNCTION = YES;
				GCC_WARN_UNUSED_VARIABLE = YES;
				IPHONEOS_DEPLOYMENT_TARGET = 8.0;
				MTL_ENABLE_DEBUG_INFO = NO;
				SDKROOT = iphoneos;
				TARGETED_DEVICE_FAMILY = "1,2";
				VALIDATE_PRODUCT = YES;
			};
			name = Release;
		};
		C2E248571B4E056900170F3D /* Debug */ = {
			isa = XCBuildConfiguration;
			buildSettings = {
				ASSETCATALOG_COMPILER_APPICON_NAME = AppIcon;
				INFOPLIST_FILE = gongcheng/Info.plist;
				LD_RUNPATH_SEARCH_PATHS = "$(inherited) @executable_path/Frameworks";
				PRODUCT_NAME = "$(TARGET_NAME)";
			};
			name = Debug;
		};
		C2E248581B4E056900170F3D /* Release */ = {
			isa = XCBuildConfiguration;
			buildSettings = {
				ASSETCATALOG_COMPILER_APPICON_NAME = AppIcon;
				INFOPLIST_FILE = gongcheng/Info.plist;
				LD_RUNPATH_SEARCH_PATHS = "$(inherited) @executable_path/Frameworks";
				PRODUCT_NAME = "$(TARGET_NAME)";
			};
			name = Release;
		};
		C2E2485A1B4E056900170F3D /* Debug */ = {
			isa = XCBuildConfiguration;
			buildSettings = {
				BUNDLE_LOADER = "$(TEST_HOST)";
				FRAMEWORK_SEARCH_PATHS = (
					"$(SDKROOT)/Developer/Library/Frameworks",
					"$(inherited)",
				);
				GCC_PREPROCESSOR_DEFINITIONS = (
					"DEBUG=1",
					"$(inherited)",
				);
				INFOPLIST_FILE = gongchengTests/Info.plist;
				LD_RUNPATH_SEARCH_PATHS = "$(inherited) @executable_path/Frameworks @loader_path/Frameworks";
				PRODUCT_NAME = "$(TARGET_NAME)";
				TEST_HOST = "$(BUILT_PRODUCTS_DIR)/gongcheng.app/gongcheng";
			};
			name = Debug;
		};
		C2E2485B1B4E056900170F3D /* Release */ = {
			isa = XCBuildConfiguration;
			buildSettings = {
				BUNDLE_LOADER = "$(TEST_HOST)";
				FRAMEWORK_SEARCH_PATHS = (
					"$(SDKROOT)/Developer/Library/Frameworks",
					"$(inherited)",
				);
				INFOPLIST_FILE = gongchengTests/Info.plist;
				LD_RUNPATH_SEARCH_PATHS = "$(inherited) @executable_path/Frameworks @loader_path/Frameworks";
				PRODUCT_NAME = "$(TARGET_NAME)";
				TEST_HOST = "$(BUILT_PRODUCTS_DIR)/gongcheng.app/gongcheng";
			};
			name = Release;
		};
/* End XCBuildConfiguration section */

/* Begin XCConfigurationList section */
		C2E2482E1B4E056900170F3D /* Build configuration list for PBXProject "gongcheng" */ = {
			isa = XCConfigurationList;
			buildConfigurations = (
				C2E248541B4E056900170F3D /* Debug */,
				C2E248551B4E056900170F3D /* Release */,
			);
			defaultConfigurationIsVisible = 0;
			defaultConfigurationName = Release;
		};
		C2E248561B4E056900170F3D /* Build configuration list for PBXNativeTarget "gongcheng" */ = {
			isa = XCConfigurationList;
			buildConfigurations = (
				C2E248571B4E056900170F3D /* Debug */,
				C2E248581B4E056900170F3D /* Release */,
			);
			defaultConfigurationIsVisible = 0;
		};
		C2E248591B4E056900170F3D /* Build configuration list for PBXNativeTarget "gongchengTests" */ = {
			isa = XCConfigurationList;
			buildConfigurations = (
				C2E2485A1B4E056900170F3D /* Debug */,
				C2E2485B1B4E056900170F3D /* Release */,
			);
			defaultConfigurationIsVisible = 0;
		};
/* End XCConfigurationList section */
	};
	rootObject = C2E2482B1B4E056900170F3D /* Project object */;
}
